<?xml version="1.0" encoding="utf-8"?>
<Project ToolsVersion="4.0" xmlns="http://schemas.microsoft.com/developer/msbuild/2003">
  <ItemGroup>
    <Filter Include="include">
      <UniqueIdentifier>{f6ee6e9e-9e71-40de-bef5-f8c168edf541}</UniqueIdentifier>
    </Filter>
    <Filter Include="src">
      <UniqueIdentifier>{76020f1f-3d15-4a5c-885f-96417d112b76}</UniqueIdentifier>
    </Filter>
  </ItemGroup>
  <ItemGroup>
    <ClInclude Include="RedCommon.h">
      <Filter>include</Filter>
    </ClInclude>
    <ClInclude Include="RedHeader.h">
      <Filter>include</Filter>
    </ClInclude>
    <ClInclude Include="RedUtil.h">
      <Filter>include</Filter>
    </ClInclude>
    <ClInclude Include="RedMatrix.h">
      <Filter>include</Filter>
    </ClInclude>
    <ClInclude Include="RedVector.h">
      <Filter>include</Filter>
    </ClInclude>
    <ClInclude Include="RedMath.h">
      <Filter>include</Filter>
    </ClInclude>
    <ClInclude Include="RedGraphics.h">
      <Filter>include</Filter>
    </ClInclude>
  </ItemGroup>
  <ItemGroup>
    <ClCompile Include="RedUtil.cpp">
      <Filter>src</Filter>
    </ClCompile>
    <ClCompile Include="RedMatrix.cpp">
      <Filter>src</Filter>
    </ClCompile>
    <ClCompile Include="RedVector.cpp">
      <Filter>src</Filter>
    </ClCompile>
    <ClCompile Include="RedMath.cpp">
      <Filter>src</Filter>
    </ClCompile>
    <ClCompile Include="RedGraphics.cpp">
      <Filter>src</Filter>
    </ClCompile>
  </ItemGroup>
</Project>